<Solution>
  <Folder Name="/services/">
    <Project Path="services/ChatService/ChatService.csproj" />
    <Project Path="services/ChatService.Application/ChatService.Application.csproj" />
    <Project Path="services/ChatService.Domain/ChatService.Domain.csproj" />
    <Project Path="services/ChatService.Infrastructure/ChatService.Infrastructure.csproj" />
  </Folder>
</Solution>
