<Solution>
  <Folder Name="/services/">
    <Project Path="services/SCDC.Api/SCDC.Api.csproj" />
    <Project Path="services/SCDC.BuildingBlocks/SCDC.BuildingBlocks.csproj" />
    <Project Path="services/SCDC.Contracts/SCDC.Contracts.csproj" />
  </Folder>
  <Folder Name="/services/Modules/">
    <Project Path="services/Modules/Identity/SCDC.Identity.csproj" />
    <Project Path="services/Modules/Community/SCDC.Community.csproj" />
    <Project Path="services/Modules/Messaging/SCDC.Messaging.csproj" />
  </Folder>
  <Folder Name="/tests/">
    <Project Path="tests/SCDC.Api.Tests/SCDC.Api.Tests.csproj" />
  </Folder>
</Solution>
